
Microsoft Visual Studio Solution File, Format Version 11.00
# Visual Studio 2010
Project("{FAE04EC0-301F-11D3-BF4B-00C04F79EFBC}") = "Assembly-CSharp", "Assembly-CSharp.csproj", "{88F88CE3-0B6A-B21D-67EC-91A2E199EAEE}"
EndProject
Project("{FAE04EC0-301F-11D3-BF4B-00C04F79EFBC}") = "Assembly-CSharp-firstpass", "Assembly-CSharp-firstpass.csproj", "{69758192-731B-15BE-F113-028DBA55FF38}"
EndProject
Global
	GlobalSection(SolutionConfigurationPlatforms) = preSolution
		Debug|Any CPU = Debug|Any CPU
		Release|Any CPU = Release|Any CPU
	EndGlobalSection
	GlobalSection(ProjectConfigurationPlatforms) = postSolution
		{88F88CE3-0B6A-B21D-67EC-91A2E199EAEE}.Debug|Any CPU.ActiveCfg = Debug|Any CPU
		{88F88CE3-0B6A-B21D-67EC-91A2E199EAEE}.Debug|Any CPU.Build.0 = Debug|Any CPU
		{88F88CE3-0B6A-B21D-67EC-91A2E199EAEE}.Release|Any CPU.ActiveCfg = Release|Any CPU
		{88F88CE3-0B6A-B21D-67EC-91A2E199EAEE}.Release|Any CPU.Build.0 = Release|Any CPU
		{69758192-731B-15BE-F113-028DBA55FF38}.Debug|Any CPU.ActiveCfg = Debug|Any CPU
		{69758192-731B-15BE-F113-028DBA55FF38}.Debug|Any CPU.Build.0 = Debug|Any CPU
		{69758192-731B-15BE-F113-028DBA55FF38}.Release|Any CPU.ActiveCfg = Release|Any CPU
		{69758192-731B-15BE-F113-028DBA55FF38}.Release|Any CPU.Build.0 = Release|Any CPU
	EndGlobalSection
	GlobalSection(SolutionProperties) = preSolution
		HideSolutionNode = FALSE
	EndGlobalSection
EndGlobal
